
Microsoft Visual Studio Solution File, Format Version 10.00
# Visual C++ Express 2008
Project("{8BC9CEB8-8B4A-11D0-8D11-00A0C91BC942}") = "libRtttl", "libRtttl\librtttl.vcproj", "{B8FC060B-BFCD-4279-8994-805F889FC6BA}"
EndProject
Project("{8BC9CEB8-8B4A-11D0-8D11-00A0C91BC942}") = "testLibRtttl", "testLibRtttl\testLibRtttl.vcproj", "{16E28B97-C51D-41E5-8426-17459A2B123C}"
EndProject
Project("{8BC9CEB8-8B4A-11D0-8D11-00A0C91BC942}") = "rtttlOptimizerGui", "rtttlOptimizerGui\rtttlOptimizerGui.vcproj", "{A2E6BB0A-5119-4D9F-A9B4-2C2E4DA40BF0}"
EndProject
Project("{8BC9CEB8-8B4A-11D0-8D11-00A0C91BC942}") = "beep", "beep\beep.vcproj", "{0767EBA9-C88A-467F-AC6E-26F8BDA23358}"
EndProject
Project("{8BC9CEB8-8B4A-11D0-8D11-00A0C91BC942}") = "install", "install\install.vcproj", "{740FABDE-F4E8-493F-A91C-898105887D22}"
	ProjectSection(ProjectDependencies) = postProject
		{B8FC060B-BFCD-4279-8994-805F889FC6BA} = {B8FC060B-BFCD-4279-8994-805F889FC6BA}
		{E8D3440E-D5FB-4B3A-8F2E-3C828713C7B0} = {E8D3440E-D5FB-4B3A-8F2E-3C828713C7B0}
		{BDA01838-C6E1-4479-B399-FC95F859C3D3} = {BDA01838-C6E1-4479-B399-FC95F859C3D3}
		{16E28B97-C51D-41E5-8426-17459A2B123C} = {16E28B97-C51D-41E5-8426-17459A2B123C}
		{0767EBA9-C88A-467F-AC6E-26F8BDA23358} = {0767EBA9-C88A-467F-AC6E-26F8BDA23358}
		{B863DFCD-CF0A-400D-9B19-BF8CE093C276} = {B863DFCD-CF0A-400D-9B19-BF8CE093C276}
		{D1F2A3E5-E6A6-4515-B828-1A50F2C4DFDB} = {D1F2A3E5-E6A6-4515-B828-1A50F2C4DFDB}
	EndProjectSection
EndProject
Project("{8BC9CEB8-8B4A-11D0-8D11-00A0C91BC942}") = "libMidi", "libMidi\libMidi.vcproj", "{E8D3440E-D5FB-4B3A-8F2E-3C828713C7B0}"
EndProject
Project("{8BC9CEB8-8B4A-11D0-8D11-00A0C91BC942}") = "libAnyRtttl", "libAnyRtttl\libAnyRtttl.vcproj", "{D1F2A3E5-E6A6-4515-B828-1A50F2C4DFDB}"
EndProject
Project("{8BC9CEB8-8B4A-11D0-8D11-00A0C91BC942}") = "libBitReader", "libBitReader\libBitReader.vcproj", "{BDA01838-C6E1-4479-B399-FC95F859C3D3}"
EndProject
Project("{8BC9CEB8-8B4A-11D0-8D11-00A0C91BC942}") = "win32Arduino", "arduino\win32arduino\win32Arduino.vcproj", "{B863DFCD-CF0A-400D-9B19-BF8CE093C276}"
EndProject
Global
	GlobalSection(SolutionConfigurationPlatforms) = preSolution
		Debug|Win32 = Debug|Win32
		Debug|x64 = Debug|x64
		Release|Win32 = Release|Win32
		Release|x64 = Release|x64
	EndGlobalSection
	GlobalSection(ProjectConfigurationPlatforms) = postSolution
		{B8FC060B-BFCD-4279-8994-805F889FC6BA}.Debug|Win32.ActiveCfg = Debug|Win32
		{B8FC060B-BFCD-4279-8994-805F889FC6BA}.Debug|Win32.Build.0 = Debug|Win32
		{B8FC060B-BFCD-4279-8994-805F889FC6BA}.Debug|x64.ActiveCfg = Debug|x64
		{B8FC060B-BFCD-4279-8994-805F889FC6BA}.Debug|x64.Build.0 = Debug|x64
		{B8FC060B-BFCD-4279-8994-805F889FC6BA}.Release|Win32.ActiveCfg = Release|Win32
		{B8FC060B-BFCD-4279-8994-805F889FC6BA}.Release|Win32.Build.0 = Release|Win32
		{B8FC060B-BFCD-4279-8994-805F889FC6BA}.Release|x64.ActiveCfg = Release|x64
		{B8FC060B-BFCD-4279-8994-805F889FC6BA}.Release|x64.Build.0 = Release|x64
		{16E28B97-C51D-41E5-8426-17459A2B123C}.Debug|Win32.ActiveCfg = Debug|Win32
		{16E28B97-C51D-41E5-8426-17459A2B123C}.Debug|Win32.Build.0 = Debug|Win32
		{16E28B97-C51D-41E5-8426-17459A2B123C}.Debug|x64.ActiveCfg = Debug|x64
		{16E28B97-C51D-41E5-8426-17459A2B123C}.Debug|x64.Build.0 = Debug|x64
		{16E28B97-C51D-41E5-8426-17459A2B123C}.Release|Win32.ActiveCfg = Release|Win32
		{16E28B97-C51D-41E5-8426-17459A2B123C}.Release|Win32.Build.0 = Release|Win32
		{16E28B97-C51D-41E5-8426-17459A2B123C}.Release|x64.ActiveCfg = Release|x64
		{16E28B97-C51D-41E5-8426-17459A2B123C}.Release|x64.Build.0 = Release|x64
		{A2E6BB0A-5119-4D9F-A9B4-2C2E4DA40BF0}.Debug|Win32.ActiveCfg = Debug|Win32
		{A2E6BB0A-5119-4D9F-A9B4-2C2E4DA40BF0}.Debug|Win32.Build.0 = Debug|Win32
		{A2E6BB0A-5119-4D9F-A9B4-2C2E4DA40BF0}.Debug|x64.ActiveCfg = Debug|x64
		{A2E6BB0A-5119-4D9F-A9B4-2C2E4DA40BF0}.Debug|x64.Build.0 = Debug|x64
		{A2E6BB0A-5119-4D9F-A9B4-2C2E4DA40BF0}.Release|Win32.ActiveCfg = Release|Win32
		{A2E6BB0A-5119-4D9F-A9B4-2C2E4DA40BF0}.Release|Win32.Build.0 = Release|Win32
		{A2E6BB0A-5119-4D9F-A9B4-2C2E4DA40BF0}.Release|x64.ActiveCfg = Release|x64
		{A2E6BB0A-5119-4D9F-A9B4-2C2E4DA40BF0}.Release|x64.Build.0 = Release|x64
		{0767EBA9-C88A-467F-AC6E-26F8BDA23358}.Debug|Win32.ActiveCfg = Debug|Win32
		{0767EBA9-C88A-467F-AC6E-26F8BDA23358}.Debug|Win32.Build.0 = Debug|Win32
		{0767EBA9-C88A-467F-AC6E-26F8BDA23358}.Debug|x64.ActiveCfg = Debug|x64
		{0767EBA9-C88A-467F-AC6E-26F8BDA23358}.Debug|x64.Build.0 = Debug|x64
		{0767EBA9-C88A-467F-AC6E-26F8BDA23358}.Release|Win32.ActiveCfg = Release|Win32
		{0767EBA9-C88A-467F-AC6E-26F8BDA23358}.Release|Win32.Build.0 = Release|Win32
		{0767EBA9-C88A-467F-AC6E-26F8BDA23358}.Release|x64.ActiveCfg = Release|x64
		{0767EBA9-C88A-467F-AC6E-26F8BDA23358}.Release|x64.Build.0 = Release|x64
		{740FABDE-F4E8-493F-A91C-898105887D22}.Debug|Win32.ActiveCfg = Debug|Win32
		{740FABDE-F4E8-493F-A91C-898105887D22}.Debug|Win32.Build.0 = Debug|Win32
		{740FABDE-F4E8-493F-A91C-898105887D22}.Debug|x64.ActiveCfg = Debug|x64
		{740FABDE-F4E8-493F-A91C-898105887D22}.Debug|x64.Build.0 = Debug|x64
		{740FABDE-F4E8-493F-A91C-898105887D22}.Release|Win32.ActiveCfg = Release|Win32
		{740FABDE-F4E8-493F-A91C-898105887D22}.Release|Win32.Build.0 = Release|Win32
		{740FABDE-F4E8-493F-A91C-898105887D22}.Release|x64.ActiveCfg = Release|x64
		{740FABDE-F4E8-493F-A91C-898105887D22}.Release|x64.Build.0 = Release|x64
		{E8D3440E-D5FB-4B3A-8F2E-3C828713C7B0}.Debug|Win32.ActiveCfg = Debug|Win32
		{E8D3440E-D5FB-4B3A-8F2E-3C828713C7B0}.Debug|Win32.Build.0 = Debug|Win32
		{E8D3440E-D5FB-4B3A-8F2E-3C828713C7B0}.Debug|x64.ActiveCfg = Debug|x64
		{E8D3440E-D5FB-4B3A-8F2E-3C828713C7B0}.Debug|x64.Build.0 = Debug|x64
		{E8D3440E-D5FB-4B3A-8F2E-3C828713C7B0}.Release|Win32.ActiveCfg = Release|Win32
		{E8D3440E-D5FB-4B3A-8F2E-3C828713C7B0}.Release|Win32.Build.0 = Release|Win32
		{E8D3440E-D5FB-4B3A-8F2E-3C828713C7B0}.Release|x64.ActiveCfg = Release|x64
		{E8D3440E-D5FB-4B3A-8F2E-3C828713C7B0}.Release|x64.Build.0 = Release|x64
		{D1F2A3E5-E6A6-4515-B828-1A50F2C4DFDB}.Debug|Win32.ActiveCfg = Debug|Win32
		{D1F2A3E5-E6A6-4515-B828-1A50F2C4DFDB}.Debug|Win32.Build.0 = Debug|Win32
		{D1F2A3E5-E6A6-4515-B828-1A50F2C4DFDB}.Debug|x64.ActiveCfg = Debug|x64
		{D1F2A3E5-E6A6-4515-B828-1A50F2C4DFDB}.Debug|x64.Build.0 = Debug|x64
		{D1F2A3E5-E6A6-4515-B828-1A50F2C4DFDB}.Release|Win32.ActiveCfg = Release|Win32
		{D1F2A3E5-E6A6-4515-B828-1A50F2C4DFDB}.Release|Win32.Build.0 = Release|Win32
		{D1F2A3E5-E6A6-4515-B828-1A50F2C4DFDB}.Release|x64.ActiveCfg = Release|x64
		{D1F2A3E5-E6A6-4515-B828-1A50F2C4DFDB}.Release|x64.Build.0 = Release|x64
		{BDA01838-C6E1-4479-B399-FC95F859C3D3}.Debug|Win32.ActiveCfg = Debug|Win32
		{BDA01838-C6E1-4479-B399-FC95F859C3D3}.Debug|Win32.Build.0 = Debug|Win32
		{BDA01838-C6E1-4479-B399-FC95F859C3D3}.Debug|x64.ActiveCfg = Debug|x64
		{BDA01838-C6E1-4479-B399-FC95F859C3D3}.Debug|x64.Build.0 = Debug|x64
		{BDA01838-C6E1-4479-B399-FC95F859C3D3}.Release|Win32.ActiveCfg = Release|Win32
		{BDA01838-C6E1-4479-B399-FC95F859C3D3}.Release|Win32.Build.0 = Release|Win32
		{BDA01838-C6E1-4479-B399-FC95F859C3D3}.Release|x64.ActiveCfg = Release|x64
		{BDA01838-C6E1-4479-B399-FC95F859C3D3}.Release|x64.Build.0 = Release|x64
		{B863DFCD-CF0A-400D-9B19-BF8CE093C276}.Debug|Win32.ActiveCfg = Debug|Win32
		{B863DFCD-CF0A-400D-9B19-BF8CE093C276}.Debug|Win32.Build.0 = Debug|Win32
		{B863DFCD-CF0A-400D-9B19-BF8CE093C276}.Debug|x64.ActiveCfg = Debug|x64
		{B863DFCD-CF0A-400D-9B19-BF8CE093C276}.Debug|x64.Build.0 = Debug|x64
		{B863DFCD-CF0A-400D-9B19-BF8CE093C276}.Release|Win32.ActiveCfg = Release|Win32
		{B863DFCD-CF0A-400D-9B19-BF8CE093C276}.Release|Win32.Build.0 = Release|Win32
		{B863DFCD-CF0A-400D-9B19-BF8CE093C276}.Release|x64.ActiveCfg = Release|x64
		{B863DFCD-CF0A-400D-9B19-BF8CE093C276}.Release|x64.Build.0 = Release|x64
	EndGlobalSection
	GlobalSection(SolutionProperties) = preSolution
		HideSolutionNode = FALSE
	EndGlobalSection
	GlobalSection(DPCodeReviewSolutionGUID) = preSolution
		DPCodeReviewSolutionGUID = {00000000-0000-0000-0000-000000000000}
	EndGlobalSection
EndGlobal
